{
  "name": "KAIVA - UAT_GPT4_POC",
  "lockfileVersion": 2,
  "requires": true,
  "packages": {
    "": {
      "dependencies": {
        "adaptivecards": "^3.0.4"
      },
      "devDependencies": {
        "@types/node": "^22.0.2"
      }
    },
    "node_modules/@types/node": {
      "version": "22.0.2",
      "resolved": "https://registry.npmjs.org/@types/node/-/node-22.0.2.tgz",
      "integrity": "sha512-yPL6DyFwY5PiMVEwymNeqUTKsDczQBJ/5T7W/46RwLU/VH+AA8aT5TZkvBviLKLbbm0hlfftEkGrNzfRk/fofQ==",
      "dev": true,
      "dependencies": {
        "undici-types": "~6.11.1"
      }
    },
    "node_modules/adaptivecards": {
      "version": "3.0.4",
      "resolved": "https://registry.npmjs.org/adaptivecards/-/adaptivecards-3.0.4.tgz",
      "integrity": "sha512-9gloqhEFpeinQta+UouODbVnGYKxGWRVK918pslhdx3lUyDJcOCfcX6mzDX3Csc47c5hnsNxKXNPtjs6wbazQQ==",
      "peerDependencies": {
        "swiper": "^8.2.6"
      }
    },
    "node_modules/dom7": {
      "version": "4.0.6",
      "resolved": "https://registry.npmjs.org/dom7/-/dom7-4.0.6.tgz",
      "integrity": "sha512-emjdpPLhpNubapLFdjNL9tP06Sr+GZkrIHEXLWvOGsytACUrkbeIdjO5g77m00BrHTznnlcNqgmn7pCN192TBA==",
      "peer": true,
      "dependencies": {
        "ssr-window": "^4.0.0"
      }
    },
    "node_modules/ssr-window": {
      "version": "4.0.2",
      "resolved": "https://registry.npmjs.org/ssr-window/-/ssr-window-4.0.2.tgz",
      "integrity": "sha512-ISv/Ch+ig7SOtw7G2+qkwfVASzazUnvlDTwypdLoPoySv+6MqlOV10VwPSE6EWkGjhW50lUmghPmpYZXMu/+AQ==",
      "peer": true
    },
    "node_modules/swiper": {
      "version": "8.4.7",
      "resolved": "https://registry.npmjs.org/swiper/-/swiper-8.4.7.tgz",
      "integrity": "sha512-VwO/KU3i9IV2Sf+W2NqyzwWob4yX9Qdedq6vBtS0rFqJ6Fa5iLUJwxQkuD4I38w0WDJwmFl8ojkdcRFPHWD+2g==",
      "funding": [
        {
          "type": "patreon",
          "url": "https://www.patreon.com/swiperjs"
        },
        {
          "type": "open_collective",
          "url": "http://opencollective.com/swiper"
        }
      ],
      "hasInstallScript": true,
      "peer": true,
      "dependencies": {
        "dom7": "^4.0.4",
        "ssr-window": "^4.0.2"
      },
      "engines": {
        "node": ">= 4.7.0"
      }
    },
    "node_modules/undici-types": {
      "version": "6.11.1",
      "resolved": "https://registry.npmjs.org/undici-types/-/undici-types-6.11.1.tgz",
      "integrity": "sha512-mIDEX2ek50x0OlRgxryxsenE5XaQD4on5U2inY7RApK3SOJpofyw7uW2AyfMKkhAxXIceo2DeWGVGwyvng1GNQ==",
      "dev": true
    }
  },
  "dependencies": {
    "@types/node": {
      "version": "22.0.2",
      "resolved": "https://registry.npmjs.org/@types/node/-/node-22.0.2.tgz",
      "integrity": "sha512-yPL6DyFwY5PiMVEwymNeqUTKsDczQBJ/5T7W/46RwLU/VH+AA8aT5TZkvBviLKLbbm0hlfftEkGrNzfRk/fofQ==",
      "dev": true,
      "requires": {
        "undici-types": "~6.11.1"
      }
    },
    "adaptivecards": {
      "version": "3.0.4",
      "resolved": "https://registry.npmjs.org/adaptivecards/-/adaptivecards-3.0.4.tgz",
      "integrity": "sha512-9gloqhEFpeinQta+UouODbVnGYKxGWRVK918pslhdx3lUyDJcOCfcX6mzDX3Csc47c5hnsNxKXNPtjs6wbazQQ==",
      "requires": {}
    },
    "dom7": {
      "version": "4.0.6",
      "resolved": "https://registry.npmjs.org/dom7/-/dom7-4.0.6.tgz",
      "integrity": "sha512-emjdpPLhpNubapLFdjNL9tP06Sr+GZkrIHEXLWvOGsytACUrkbeIdjO5g77m00BrHTznnlcNqgmn7pCN192TBA==",
      "peer": true,
      "requires": {
        "ssr-window": "^4.0.0"
      }
    },
    "ssr-window": {
      "version": "4.0.2",
      "resolved": "https://registry.npmjs.org/ssr-window/-/ssr-window-4.0.2.tgz",
      "integrity": "sha512-ISv/Ch+ig7SOtw7G2+qkwfVASzazUnvlDTwypdLoPoySv+6MqlOV10VwPSE6EWkGjhW50lUmghPmpYZXMu/+AQ==",
      "peer": true
    },
    "swiper": {
      "version": "8.4.7",
      "resolved": "https://registry.npmjs.org/swiper/-/swiper-8.4.7.tgz",
      "integrity": "sha512-VwO/KU3i9IV2Sf+W2NqyzwWob4yX9Qdedq6vBtS0rFqJ6Fa5iLUJwxQkuD4I38w0WDJwmFl8ojkdcRFPHWD+2g==",
      "peer": true,
      "requires": {
        "dom7": "^4.0.4",
        "ssr-window": "^4.0.2"
      }
    },
    "undici-types": {
      "version": "6.11.1",
      "resolved": "https://registry.npmjs.org/undici-types/-/undici-types-6.11.1.tgz",
      "integrity": "sha512-mIDEX2ek50x0OlRgxryxsenE5XaQD4on5U2inY7RApK3SOJpofyw7uW2AyfMKkhAxXIceo2DeWGVGwyvng1GNQ==",
      "dev": true
    }
  }
}
