{
  "name": "KAIVA - UAT_GPT4_POC",
  "lockfileVersion": 2,
  "requires": true,
  "packages": {
    "": {
      "dependencies": {
        "@azure/msal-browser": "^3.23.0",
        "@azure/msal-react": "^2.0.22",
        "adaptivecards": "^3.0.4"
      },
      "devDependencies": {
        "@types/node": "^22.0.2"
      }
    },
    "node_modules/@azure/msal-browser": {
      "version": "3.23.0",
      "resolved": "https://registry.npmjs.org/@azure/msal-browser/-/msal-browser-3.23.0.tgz",
      "integrity": "sha512-+QgdMvaeEpdtgRTD7AHHq9aw8uga7mXVHV1KshO1RQ2uI5B55xJ4aEpGlg/ga3H+0arEVcRfT4ZVmX7QLXiCVw==",
      "dependencies": {
        "@azure/msal-common": "14.14.2"
      },
      "engines": {
        "node": ">=0.8.0"
      }
    },
    "node_modules/@azure/msal-common": {
      "version": "14.14.2",
      "resolved": "https://registry.npmjs.org/@azure/msal-common/-/msal-common-14.14.2.tgz",
      "integrity": "sha512-XV0P5kSNwDwCA/SjIxTe9mEAsKB0NqGNSuaVrkCCE2lAyBr/D6YtD80Vkdp4tjWnPFwjzkwldjr1xU/facOJog==",
      "engines": {
        "node": ">=0.8.0"
      }
    },
    "node_modules/@azure/msal-react": {
      "version": "2.0.22",
      "resolved": "https://registry.npmjs.org/@azure/msal-react/-/msal-react-2.0.22.tgz",
      "integrity": "sha512-hvXWd8uYJiJr+1Kj2VOxWlLomZpxBfNZSuKxwhKAsieCbNM/4Is83ZMBtX2dMOXXx/llTGArwKzBOcp44R2ZQg==",
      "engines": {
        "node": ">=10"
      },
      "peerDependencies": {
        "@azure/msal-browser": "^3.20.0",
        "react": "^16.8.0 || ^17 || ^18"
      }
    },
    "node_modules/@types/node": {
      "version": "22.0.2",
      "resolved": "https://registry.npmjs.org/@types/node/-/node-22.0.2.tgz",
      "integrity": "sha512-yPL6DyFwY5PiMVEwymNeqUTKsDczQBJ/5T7W/46RwLU/VH+AA8aT5TZkvBviLKLbbm0hlfftEkGrNzfRk/fofQ==",
      "dev": true,
      "dependencies": {
        "undici-types": "~6.11.1"
      }
    },
    "node_modules/adaptivecards": {
      "version": "3.0.4",
      "resolved": "https://registry.npmjs.org/adaptivecards/-/adaptivecards-3.0.4.tgz",
      "integrity": "sha512-9gloqhEFpeinQta+UouODbVnGYKxGWRVK918pslhdx3lUyDJcOCfcX6mzDX3Csc47c5hnsNxKXNPtjs6wbazQQ==",
      "peerDependencies": {
        "swiper": "^8.2.6"
      }
    },
    "node_modules/dom7": {
      "version": "4.0.6",
      "resolved": "https://registry.npmjs.org/dom7/-/dom7-4.0.6.tgz",
      "integrity": "sha512-emjdpPLhpNubapLFdjNL9tP06Sr+GZkrIHEXLWvOGsytACUrkbeIdjO5g77m00BrHTznnlcNqgmn7pCN192TBA==",
      "peer": true,
      "dependencies": {
        "ssr-window": "^4.0.0"
      }
    },
    "node_modules/js-tokens": {
      "version": "4.0.0",
      "resolved": "https://registry.npmjs.org/js-tokens/-/js-tokens-4.0.0.tgz",
      "integrity": "sha512-RdJUflcE3cUzKiMqQgsCu06FPu9UdIJO0beYbPhHN4k6apgJtifcoCtT9bcxOpYBtpD2kCM6Sbzg4CausW/PKQ==",
      "peer": true
    },
    "node_modules/loose-envify": {
      "version": "1.4.0",
      "resolved": "https://registry.npmjs.org/loose-envify/-/loose-envify-1.4.0.tgz",
      "integrity": "sha512-lyuxPGr/Wfhrlem2CL/UcnUc1zcqKAImBDzukY7Y5F/yQiNdko6+fRLevlw1HgMySw7f611UIY408EtxRSoK3Q==",
      "peer": true,
      "dependencies": {
        "js-tokens": "^3.0.0 || ^4.0.0"
      },
      "bin": {
        "loose-envify": "cli.js"
      }
    },
    "node_modules/react": {
      "version": "18.3.1",
      "resolved": "https://registry.npmjs.org/react/-/react-18.3.1.tgz",
      "integrity": "sha512-wS+hAgJShR0KhEvPJArfuPVN1+Hz1t0Y6n5jLrGQbkb4urgPE/0Rve+1kMB1v/oWgHgm4WIcV+i7F2pTVj+2iQ==",
      "peer": true,
      "dependencies": {
        "loose-envify": "^1.1.0"
      },
      "engines": {
        "node": ">=0.10.0"
      }
    },
    "node_modules/ssr-window": {
      "version": "4.0.2",
      "resolved": "https://registry.npmjs.org/ssr-window/-/ssr-window-4.0.2.tgz",
      "integrity": "sha512-ISv/Ch+ig7SOtw7G2+qkwfVASzazUnvlDTwypdLoPoySv+6MqlOV10VwPSE6EWkGjhW50lUmghPmpYZXMu/+AQ==",
      "peer": true
    },
    "node_modules/swiper": {
      "version": "8.4.7",
      "resolved": "https://registry.npmjs.org/swiper/-/swiper-8.4.7.tgz",
      "integrity": "sha512-VwO/KU3i9IV2Sf+W2NqyzwWob4yX9Qdedq6vBtS0rFqJ6Fa5iLUJwxQkuD4I38w0WDJwmFl8ojkdcRFPHWD+2g==",
      "funding": [
        {
          "type": "patreon",
          "url": "https://www.patreon.com/swiperjs"
        },
        {
          "type": "open_collective",
          "url": "http://opencollective.com/swiper"
        }
      ],
      "hasInstallScript": true,
      "peer": true,
      "dependencies": {
        "dom7": "^4.0.4",
        "ssr-window": "^4.0.2"
      },
      "engines": {
        "node": ">= 4.7.0"
      }
    },
    "node_modules/undici-types": {
      "version": "6.11.1",
      "resolved": "https://registry.npmjs.org/undici-types/-/undici-types-6.11.1.tgz",
      "integrity": "sha512-mIDEX2ek50x0OlRgxryxsenE5XaQD4on5U2inY7RApK3SOJpofyw7uW2AyfMKkhAxXIceo2DeWGVGwyvng1GNQ==",
      "dev": true
    }
  },
  "dependencies": {
    "@azure/msal-browser": {
      "version": "3.23.0",
      "resolved": "https://registry.npmjs.org/@azure/msal-browser/-/msal-browser-3.23.0.tgz",
      "integrity": "sha512-+QgdMvaeEpdtgRTD7AHHq9aw8uga7mXVHV1KshO1RQ2uI5B55xJ4aEpGlg/ga3H+0arEVcRfT4ZVmX7QLXiCVw==",
      "requires": {
        "@azure/msal-common": "14.14.2"
      }
    },
    "@azure/msal-common": {
      "version": "14.14.2",
      "resolved": "https://registry.npmjs.org/@azure/msal-common/-/msal-common-14.14.2.tgz",
      "integrity": "sha512-XV0P5kSNwDwCA/SjIxTe9mEAsKB0NqGNSuaVrkCCE2lAyBr/D6YtD80Vkdp4tjWnPFwjzkwldjr1xU/facOJog=="
    },
    "@azure/msal-react": {
      "version": "2.0.22",
      "resolved": "https://registry.npmjs.org/@azure/msal-react/-/msal-react-2.0.22.tgz",
      "integrity": "sha512-hvXWd8uYJiJr+1Kj2VOxWlLomZpxBfNZSuKxwhKAsieCbNM/4Is83ZMBtX2dMOXXx/llTGArwKzBOcp44R2ZQg==",
      "requires": {}
    },
    "@types/node": {
      "version": "22.0.2",
      "resolved": "https://registry.npmjs.org/@types/node/-/node-22.0.2.tgz",
      "integrity": "sha512-yPL6DyFwY5PiMVEwymNeqUTKsDczQBJ/5T7W/46RwLU/VH+AA8aT5TZkvBviLKLbbm0hlfftEkGrNzfRk/fofQ==",
      "dev": true,
      "requires": {
        "undici-types": "~6.11.1"
      }
    },
    "adaptivecards": {
      "version": "3.0.4",
      "resolved": "https://registry.npmjs.org/adaptivecards/-/adaptivecards-3.0.4.tgz",
      "integrity": "sha512-9gloqhEFpeinQta+UouODbVnGYKxGWRVK918pslhdx3lUyDJcOCfcX6mzDX3Csc47c5hnsNxKXNPtjs6wbazQQ==",
      "requires": {}
    },
    "dom7": {
      "version": "4.0.6",
      "resolved": "https://registry.npmjs.org/dom7/-/dom7-4.0.6.tgz",
      "integrity": "sha512-emjdpPLhpNubapLFdjNL9tP06Sr+GZkrIHEXLWvOGsytACUrkbeIdjO5g77m00BrHTznnlcNqgmn7pCN192TBA==",
      "peer": true,
      "requires": {
        "ssr-window": "^4.0.0"
      }
    },
    "js-tokens": {
      "version": "4.0.0",
      "resolved": "https://registry.npmjs.org/js-tokens/-/js-tokens-4.0.0.tgz",
      "integrity": "sha512-RdJUflcE3cUzKiMqQgsCu06FPu9UdIJO0beYbPhHN4k6apgJtifcoCtT9bcxOpYBtpD2kCM6Sbzg4CausW/PKQ==",
      "peer": true
    },
    "loose-envify": {
      "version": "1.4.0",
      "resolved": "https://registry.npmjs.org/loose-envify/-/loose-envify-1.4.0.tgz",
      "integrity": "sha512-lyuxPGr/Wfhrlem2CL/UcnUc1zcqKAImBDzukY7Y5F/yQiNdko6+fRLevlw1HgMySw7f611UIY408EtxRSoK3Q==",
      "peer": true,
      "requires": {
        "js-tokens": "^3.0.0 || ^4.0.0"
      }
    },
    "react": {
      "version": "18.3.1",
      "resolved": "https://registry.npmjs.org/react/-/react-18.3.1.tgz",
      "integrity": "sha512-wS+hAgJShR0KhEvPJArfuPVN1+Hz1t0Y6n5jLrGQbkb4urgPE/0Rve+1kMB1v/oWgHgm4WIcV+i7F2pTVj+2iQ==",
      "peer": true,
      "requires": {
        "loose-envify": "^1.1.0"
      }
    },
    "ssr-window": {
      "version": "4.0.2",
      "resolved": "https://registry.npmjs.org/ssr-window/-/ssr-window-4.0.2.tgz",
      "integrity": "sha512-ISv/Ch+ig7SOtw7G2+qkwfVASzazUnvlDTwypdLoPoySv+6MqlOV10VwPSE6EWkGjhW50lUmghPmpYZXMu/+AQ==",
      "peer": true
    },
    "swiper": {
      "version": "8.4.7",
      "resolved": "https://registry.npmjs.org/swiper/-/swiper-8.4.7.tgz",
      "integrity": "sha512-VwO/KU3i9IV2Sf+W2NqyzwWob4yX9Qdedq6vBtS0rFqJ6Fa5iLUJwxQkuD4I38w0WDJwmFl8ojkdcRFPHWD+2g==",
      "peer": true,
      "requires": {
        "dom7": "^4.0.4",
        "ssr-window": "^4.0.2"
      }
    },
    "undici-types": {
      "version": "6.11.1",
      "resolved": "https://registry.npmjs.org/undici-types/-/undici-types-6.11.1.tgz",
      "integrity": "sha512-mIDEX2ek50x0OlRgxryxsenE5XaQD4on5U2inY7RApK3SOJpofyw7uW2AyfMKkhAxXIceo2DeWGVGwyvng1GNQ==",
      "dev": true
    }
  }
}
